
Microsoft Visual Studio Solution File, Format Version 12.00
# Visual Studio Version 16
VisualStudioVersion = 16.0.30204.135
MinimumVisualStudioVersion = 10.0.40219.1
Project("{FAE04EC0-301F-11D3-BF4B-00C04F79EFBC}") = "bankingTests", "bankingTests\bankingTests.csproj", "{7E384EBA-B584-4639-BF90-D9137B83852F}"
EndProject
Project("{FAE04EC0-301F-11D3-BF4B-00C04F79EFBC}") = "bankingDomain", "bankingDomain\bankingDomain.csproj", "{557441CB-7EB7-42AC-AFC1-B8BF3E1FAE53}"
EndProject
Global
	GlobalSection(SolutionConfigurationPlatforms) = preSolution
		Debug|Any CPU = Debug|Any CPU
		Release|Any CPU = Release|Any CPU
	EndGlobalSection
	GlobalSection(ProjectConfigurationPlatforms) = postSolution
		{7E384EBA-B584-4639-BF90-D9137B83852F}.Debug|Any CPU.ActiveCfg = Debug|Any CPU
		{7E384EBA-B584-4639-BF90-D9137B83852F}.Debug|Any CPU.Build.0 = Debug|Any CPU
		{7E384EBA-B584-4639-BF90-D9137B83852F}.Release|Any CPU.ActiveCfg = Release|Any CPU
		{7E384EBA-B584-4639-BF90-D9137B83852F}.Release|Any CPU.Build.0 = Release|Any CPU
		{557441CB-7EB7-42AC-AFC1-B8BF3E1FAE53}.Debug|Any CPU.ActiveCfg = Debug|Any CPU
		{557441CB-7EB7-42AC-AFC1-B8BF3E1FAE53}.Debug|Any CPU.Build.0 = Debug|Any CPU
		{557441CB-7EB7-42AC-AFC1-B8BF3E1FAE53}.Release|Any CPU.ActiveCfg = Release|Any CPU
		{557441CB-7EB7-42AC-AFC1-B8BF3E1FAE53}.Release|Any CPU.Build.0 = Release|Any CPU
	EndGlobalSection
	GlobalSection(SolutionProperties) = preSolution
		HideSolutionNode = FALSE
	EndGlobalSection
	GlobalSection(ExtensibilityGlobals) = postSolution
		SolutionGuid = {2AB363D6-A6A4-4589-80F2-D0226476FAE0}
	EndGlobalSection
EndGlobal
